// !$*UTF8*$!
{
	archiveVersion = 1;
	classes = {
	};
	objectVersion = 56;
	objects = {

/* Begin PBXBuildFile section */
		2B9F1FFE2ADCB6C00092D6C7 /* FigmaActivityGridApp.swift in Sources */ = {isa = PBXBuildFile; fileRef = 2B9F1FFD2ADCB6C00092D6C7 /* FigmaActivityGridApp.swift */; };
		2B9F20002ADCB6C00092D6C7 /* ContentView.swift in Sources */ = {isa = PBXBuildFile; fileRef = 2B9F1FFF2ADCB6C00092D6C7 /* ContentView.swift */; };
		2B9F20022ADCB6C10092D6C7 /* Assets.xcassets in Resources */ = {isa = PBXBuildFile; fileRef = 2B9F20012ADCB6C10092D6C7 /* Assets.xcassets */; };
		2B9F20052ADCB6C10092D6C7 /* Preview Assets.xcassets in Resources */ = {isa = PBXBuildFile; fileRef = 2B9F20042ADCB6C10092D6C7 /* Preview Assets.xcassets */; };
		2B9F20102ADCB6C10092D6C7 /* FigmaActivityGridTests.swift in Sources */ = {isa = PBXBuildFile; fileRef = 2B9F200F2ADCB6C10092D6C7 /* FigmaActivityGridTests.swift */; };
		2B9F201A2ADCB6C10092D6C7 /* FigmaActivityGridUITests.swift in Sources */ = {isa = PBXBuildFile; fileRef = 2B9F20192ADCB6C10092D6C7 /* FigmaActivityGridUITests.swift */; };
		2B9F201C2ADCB6C10092D6C7 /* FigmaActivityGridUITestsLaunchTests.swift in Sources */ = {isa = PBXBuildFile; fileRef = 2B9F201B2ADCB6C10092D6C7 /* FigmaActivityGridUITestsLaunchTests.swift */; };
		2BDE8F6B2ADD773D00F29BE9 /* Tooltip.swift in Sources */ = {isa = PBXBuildFile; fileRef = 2BDE8F6A2ADD773D00F29BE9 /* Tooltip.swift */; };
		2BDE8F6D2ADEA40300F29BE9 /* utils.swift in Sources */ = {isa = PBXBuildFile; fileRef = 2BDE8F6C2ADEA40300F29BE9 /* utils.swift */; };
/* End PBXBuildFile section */

/* Begin PBXContainerItemProxy section */
		2B9F200C2ADCB6C10092D6C7 /* PBXContainerItemProxy */ = {
			isa = PBXContainerItemProxy;
			containerPortal = 2B9F1FF22ADCB6C00092D6C7 /* Project object */;
			proxyType = 1;
			remoteGlobalIDString = 2B9F1FF92ADCB6C00092D6C7;
			remoteInfo = FigmaActivityGrid;
		};
		2B9F20162ADCB6C10092D6C7 /* PBXContainerItemProxy */ = {
			isa = PBXContainerItemProxy;
			containerPortal = 2B9F1FF22ADCB6C00092D6C7 /* Project object */;
			proxyType = 1;
			remoteGlobalIDString = 2B9F1FF92ADCB6C00092D6C7;
			remoteInfo = FigmaActivityGrid;
		};
/* End PBXContainerItemProxy section */

/* Begin PBXFileReference section */
		2B9F1FFA2ADCB6C00092D6C7 /* FigmaActivityGrid.app */ = {isa = PBXFileReference; explicitFileType = wrapper.application; includeInIndex = 0; path = FigmaActivityGrid.app; sourceTree = BUILT_PRODUCTS_DIR; };
		2B9F1FFD2ADCB6C00092D6C7 /* FigmaActivityGridApp.swift */ = {isa = PBXFileReference; lastKnownFileType = sourcecode.swift; path = FigmaActivityGridApp.swift; sourceTree = "<group>"; };
		2B9F1FFF2ADCB6C00092D6C7 /* ContentView.swift */ = {isa = PBXFileReference; lastKnownFileType = sourcecode.swift; path = ContentView.swift; sourceTree = "<group>"; };
		2B9F20012ADCB6C10092D6C7 /* Assets.xcassets */ = {isa = PBXFileReference; lastKnownFileType = folder.assetcatalog; path = Assets.xcassets; sourceTree = "<group>"; };
		2B9F20042ADCB6C10092D6C7 /* Preview Assets.xcassets */ = {isa = PBXFileReference; lastKnownFileType = folder.assetcatalog; path = "Preview Assets.xcassets"; sourceTree = "<group>"; };
		2B9F20062ADCB6C10092D6C7 /* FigmaActivityGrid.entitlements */ = {isa = PBXFileReference; lastKnownFileType = text.plist.entitlements; path = FigmaActivityGrid.entitlements; sourceTree = "<group>"; };
		2B9F200B2ADCB6C10092D6C7 /* FigmaActivityGridTests.xctest */ = {isa = PBXFileReference; explicitFileType = wrapper.cfbundle; includeInIndex = 0; path = FigmaActivityGridTests.xctest; sourceTree = BUILT_PRODUCTS_DIR; };
		2B9F200F2ADCB6C10092D6C7 /* FigmaActivityGridTests.swift */ = {isa = PBXFileReference; lastKnownFileType = sourcecode.swift; path = FigmaActivityGridTests.swift; sourceTree = "<group>"; };
		2B9F20152ADCB6C10092D6C7 /* FigmaActivityGridUITests.xctest */ = {isa = PBXFileReference; explicitFileType = wrapper.cfbundle; includeInIndex = 0; path = FigmaActivityGridUITests.xctest; sourceTree = BUILT_PRODUCTS_DIR; };
		2B9F20192ADCB6C10092D6C7 /* FigmaActivityGridUITests.swift */ = {isa = PBXFileReference; lastKnownFileType = sourcecode.swift; path = FigmaActivityGridUITests.swift; sourceTree = "<group>"; };
		2B9F201B2ADCB6C10092D6C7 /* FigmaActivityGridUITestsLaunchTests.swift */ = {isa = PBXFileReference; lastKnownFileType = sourcecode.swift; path = FigmaActivityGridUITestsLaunchTests.swift; sourceTree = "<group>"; };
		2BDE8F6A2ADD773D00F29BE9 /* Tooltip.swift */ = {isa = PBXFileReference; lastKnownFileType = sourcecode.swift; path = Tooltip.swift; sourceTree = "<group>"; };
		2BDE8F6C2ADEA40300F29BE9 /* utils.swift */ = {isa = PBXFileReference; lastKnownFileType = sourcecode.swift; path = utils.swift; sourceTree = "<group>"; };
		2BDE8F6E2ADEAEE300F29BE9 /* Info.plist */ = {isa = PBXFileReference; lastKnownFileType = text.plist; path = Info.plist; sourceTree = "<group>"; };
/* End PBXFileReference section */

/* Begin PBXFrameworksBuildPhase section */
		2B9F1FF72ADCB6C00092D6C7 /* Frameworks */ = {
			isa = PBXFrameworksBuildPhase;
			buildActionMask = 2147483647;
			files = (
			);
			runOnlyForDeploymentPostprocessing = 0;
		};
		2B9F20082ADCB6C10092D6C7 /* Frameworks */ = {
			isa = PBXFrameworksBuildPhase;
			buildActionMask = 2147483647;
			files = (
			);
			runOnlyForDeploymentPostprocessing = 0;
		};
		2B9F20122ADCB6C10092D6C7 /* Frameworks */ = {
			isa = PBXFrameworksBuildPhase;
			buildActionMask = 2147483647;
			files = (
			);
			runOnlyForDeploymentPostprocessing = 0;
		};
/* End PBXFrameworksBuildPhase section */

/* Begin PBXGroup section */
		2B9F1FF12ADCB6C00092D6C7 = {
			isa = PBXGroup;
			children = (
				2B9F1FFC2ADCB6C00092D6C7 /* FigmaActivityGrid */,
				2B9F200E2ADCB6C10092D6C7 /* FigmaActivityGridTests */,
				2B9F20182ADCB6C10092D6C7 /* FigmaActivityGridUITests */,
				2B9F1FFB2ADCB6C00092D6C7 /* Products */,
			);
			sourceTree = "<group>";
		};
		2B9F1FFB2ADCB6C00092D6C7 /* Products */ = {
			isa = PBXGroup;
			children = (
				2B9F1FFA2ADCB6C00092D6C7 /* FigmaActivityGrid.app */,
				2B9F200B2ADCB6C10092D6C7 /* FigmaActivityGridTests.xctest */,
				2B9F20152ADCB6C10092D6C7 /* FigmaActivityGridUITests.xctest */,
			);
			name = Products;
			sourceTree = "<group>";
		};
		2B9F1FFC2ADCB6C00092D6C7 /* FigmaActivityGrid */ = {
			isa = PBXGroup;
			children = (
				2BDE8F6E2ADEAEE300F29BE9 /* Info.plist */,
				2B9F1FFD2ADCB6C00092D6C7 /* FigmaActivityGridApp.swift */,
				2B9F1FFF2ADCB6C00092D6C7 /* ContentView.swift */,
				2BDE8F6A2ADD773D00F29BE9 /* Tooltip.swift */,
				2BDE8F6C2ADEA40300F29BE9 /* utils.swift */,
				2B9F20012ADCB6C10092D6C7 /* Assets.xcassets */,
				2B9F20062ADCB6C10092D6C7 /* FigmaActivityGrid.entitlements */,
				2B9F20032ADCB6C10092D6C7 /* Preview Content */,
			);
			path = FigmaActivityGrid;
			sourceTree = "<group>";
		};
		2B9F20032ADCB6C10092D6C7 /* Preview Content */ = {
			isa = PBXGroup;
			children = (
				2B9F20042ADCB6C10092D6C7 /* Preview Assets.xcassets */,
			);
			path = "Preview Content";
			sourceTree = "<group>";
		};
		2B9F200E2ADCB6C10092D6C7 /* FigmaActivityGridTests */ = {
			isa = PBXGroup;
			children = (
				2B9F200F2ADCB6C10092D6C7 /* FigmaActivityGridTests.swift */,
			);
			path = FigmaActivityGridTests;
			sourceTree = "<group>";
		};
		2B9F20182ADCB6C10092D6C7 /* FigmaActivityGridUITests */ = {
			isa = PBXGroup;
			children = (
				2B9F20192ADCB6C10092D6C7 /* FigmaActivityGridUITests.swift */,
				2B9F201B2ADCB6C10092D6C7 /* FigmaActivityGridUITestsLaunchTests.swift */,
			);
			path = FigmaActivityGridUITests;
			sourceTree = "<group>";
		};
/* End PBXGroup section */

/* Begin PBXNativeTarget section */
		2B9F1FF92ADCB6C00092D6C7 /* FigmaActivityGrid */ = {
			isa = PBXNativeTarget;
			buildConfigurationList = 2B9F201F2ADCB6C10092D6C7 /* Build configuration list for PBXNativeTarget "FigmaActivityGrid" */;
			buildPhases = (
				2B9F1FF62ADCB6C00092D6C7 /* Sources */,
				2B9F1FF72ADCB6C00092D6C7 /* Frameworks */,
				2B9F1FF82ADCB6C00092D6C7 /* Resources */,
			);
			buildRules = (
			);
			dependencies = (
			);
			name = FigmaActivityGrid;
			productName = FigmaActivityGrid;
			productReference = 2B9F1FFA2ADCB6C00092D6C7 /* FigmaActivityGrid.app */;
			productType = "com.apple.product-type.application";
		};
		2B9F200A2ADCB6C10092D6C7 /* FigmaActivityGridTests */ = {
			isa = PBXNativeTarget;
			buildConfigurationList = 2B9F20222ADCB6C10092D6C7 /* Build configuration list for PBXNativeTarget "FigmaActivityGridTests" */;
			buildPhases = (
				2B9F20072ADCB6C10092D6C7 /* Sources */,
				2B9F20082ADCB6C10092D6C7 /* Frameworks */,
				2B9F20092ADCB6C10092D6C7 /* Resources */,
			);
			buildRules = (
			);
			dependencies = (
				2B9F200D2ADCB6C10092D6C7 /* PBXTargetDependency */,
			);
			name = FigmaActivityGridTests;
			productName = FigmaActivityGridTests;
			productReference = 2B9F200B2ADCB6C10092D6C7 /* FigmaActivityGridTests.xctest */;
			productType = "com.apple.product-type.bundle.unit-test";
		};
		2B9F20142ADCB6C10092D6C7 /* FigmaActivityGridUITests */ = {
			isa = PBXNativeTarget;
			buildConfigurationList = 2B9F20252ADCB6C10092D6C7 /* Build configuration list for PBXNativeTarget "FigmaActivityGridUITests" */;
			buildPhases = (
				2B9F20112ADCB6C10092D6C7 /* Sources */,
				2B9F20122ADCB6C10092D6C7 /* Frameworks */,
				2B9F20132ADCB6C10092D6C7 /* Resources */,
			);
			buildRules = (
			);
			dependencies = (
				2B9F20172ADCB6C10092D6C7 /* PBXTargetDependency */,
			);
			name = FigmaActivityGridUITests;
			productName = FigmaActivityGridUITests;
			productReference = 2B9F20152ADCB6C10092D6C7 /* FigmaActivityGridUITests.xctest */;
			productType = "com.apple.product-type.bundle.ui-testing";
		};
/* End PBXNativeTarget section */

/* Begin PBXProject section */
		2B9F1FF22ADCB6C00092D6C7 /* Project object */ = {
			isa = PBXProject;
			attributes = {
				BuildIndependentTargetsInParallel = 1;
				LastSwiftUpdateCheck = 1500;
				LastUpgradeCheck = 1500;
				TargetAttributes = {
					2B9F1FF92ADCB6C00092D6C7 = {
						CreatedOnToolsVersion = 15.0;
					};
					2B9F200A2ADCB6C10092D6C7 = {
						CreatedOnToolsVersion = 15.0;
						TestTargetID = 2B9F1FF92ADCB6C00092D6C7;
					};
					2B9F20142ADCB6C10092D6C7 = {
						CreatedOnToolsVersion = 15.0;
						TestTargetID = 2B9F1FF92ADCB6C00092D6C7;
					};
				};
			};
			buildConfigurationList = 2B9F1FF52ADCB6C00092D6C7 /* Build configuration list for PBXProject "FigmaActivityGrid" */;
			compatibilityVersion = "Xcode 14.0";
			developmentRegion = en;
			hasScannedForEncodings = 0;
			knownRegions = (
				en,
				Base,
			);
			mainGroup = 2B9F1FF12ADCB6C00092D6C7;
			productRefGroup = 2B9F1FFB2ADCB6C00092D6C7 /* Products */;
			projectDirPath = "";
			projectRoot = "";
			targets = (
				2B9F1FF92ADCB6C00092D6C7 /* FigmaActivityGrid */,
				2B9F200A2ADCB6C10092D6C7 /* FigmaActivityGridTests */,
				2B9F20142ADCB6C10092D6C7 /* FigmaActivityGridUITests */,
			);
		};
/* End PBXProject section */

/* Begin PBXResourcesBuildPhase section */
		2B9F1FF82ADCB6C00092D6C7 /* Resources */ = {
			isa = PBXResourcesBuildPhase;
			buildActionMask = 2147483647;
			files = (
				2B9F20052ADCB6C10092D6C7 /* Preview Assets.xcassets in Resources */,
				2B9F20022ADCB6C10092D6C7 /* Assets.xcassets in Resources */,
			);
			runOnlyForDeploymentPostprocessing = 0;
		};
		2B9F20092ADCB6C10092D6C7 /* Resources */ = {
			isa = PBXResourcesBuildPhase;
			buildActionMask = 2147483647;
			files = (
			);
			runOnlyForDeploymentPostprocessing = 0;
		};
		2B9F20132ADCB6C10092D6C7 /* Resources */ = {
			isa = PBXResourcesBuildPhase;
			buildActionMask = 2147483647;
			files = (
			);
			runOnlyForDeploymentPostprocessing = 0;
		};
/* End PBXResourcesBuildPhase section */

/* Begin PBXSourcesBuildPhase section */
		2B9F1FF62ADCB6C00092D6C7 /* Sources */ = {
			isa = PBXSourcesBuildPhase;
			buildActionMask = 2147483647;
			files = (
				2B9F20002ADCB6C00092D6C7 /* ContentView.swift in Sources */,
				2B9F1FFE2ADCB6C00092D6C7 /* FigmaActivityGridApp.swift in Sources */,
				2BDE8F6B2ADD773D00F29BE9 /* Tooltip.swift in Sources */,
				2BDE8F6D2ADEA40300F29BE9 /* utils.swift in Sources */,
			);
			runOnlyForDeploymentPostprocessing = 0;
		};
		2B9F20072ADCB6C10092D6C7 /* Sources */ = {
			isa = PBXSourcesBuildPhase;
			buildActionMask = 2147483647;
			files = (
				2B9F20102ADCB6C10092D6C7 /* FigmaActivityGridTests.swift in Sources */,
			);
			runOnlyForDeploymentPostprocessing = 0;
		};
		2B9F20112ADCB6C10092D6C7 /* Sources */ = {
			isa = PBXSourcesBuildPhase;
			buildActionMask = 2147483647;
			files = (
				2B9F201C2ADCB6C10092D6C7 /* FigmaActivityGridUITestsLaunchTests.swift in Sources */,
				2B9F201A2ADCB6C10092D6C7 /* FigmaActivityGridUITests.swift in Sources */,
			);
			runOnlyForDeploymentPostprocessing = 0;
		};
/* End PBXSourcesBuildPhase section */

/* Begin PBXTargetDependency section */
		2B9F200D2ADCB6C10092D6C7 /* PBXTargetDependency */ = {
			isa = PBXTargetDependency;
			target = 2B9F1FF92ADCB6C00092D6C7 /* FigmaActivityGrid */;
			targetProxy = 2B9F200C2ADCB6C10092D6C7 /* PBXContainerItemProxy */;
		};
		2B9F20172ADCB6C10092D6C7 /* PBXTargetDependency */ = {
			isa = PBXTargetDependency;
			target = 2B9F1FF92ADCB6C00092D6C7 /* FigmaActivityGrid */;
			targetProxy = 2B9F20162ADCB6C10092D6C7 /* PBXContainerItemProxy */;
		};
/* End PBXTargetDependency section */

/* Begin XCBuildConfiguration section */
		2B9F201D2ADCB6C10092D6C7 /* Debug */ = {
			isa = XCBuildConfiguration;
			buildSettings = {
				ALWAYS_SEARCH_USER_PATHS = NO;
				ASSETCATALOG_COMPILER_GENERATE_SWIFT_ASSET_SYMBOL_EXTENSIONS = YES;
				CLANG_ANALYZER_NONNULL = YES;
				CLANG_ANALYZER_NUMBER_OBJECT_CONVERSION = YES_AGGRESSIVE;
				CLANG_CXX_LANGUAGE_STANDARD = "gnu++20";
				CLANG_ENABLE_MODULES = YES;
				CLANG_ENABLE_OBJC_ARC = YES;
				CLANG_ENABLE_OBJC_WEAK = YES;
				CLANG_WARN_BLOCK_CAPTURE_AUTORELEASING = YES;
				CLANG_WARN_BOOL_CONVERSION = YES;
				CLANG_WARN_COMMA = YES;
				CLANG_WARN_CONSTANT_CONVERSION = YES;
				CLANG_WARN_DEPRECATED_OBJC_IMPLEMENTATIONS = YES;
				CLANG_WARN_DIRECT_OBJC_ISA_USAGE = YES_ERROR;
				CLANG_WARN_DOCUMENTATION_COMMENTS = YES;
				CLANG_WARN_EMPTY_BODY = YES;
				CLANG_WARN_ENUM_CONVERSION = YES;
				CLANG_WARN_INFINITE_RECURSION = YES;
				CLANG_WARN_INT_CONVERSION = YES;
				CLANG_WARN_NON_LITERAL_NULL_CONVERSION = YES;
				CLANG_WARN_OBJC_IMPLICIT_RETAIN_SELF = YES;
				CLANG_WARN_OBJC_LITERAL_CONVERSION = YES;
				CLANG_WARN_OBJC_ROOT_CLASS = YES_ERROR;
				CLANG_WARN_QUOTED_INCLUDE_IN_FRAMEWORK_HEADER = YES;
				CLANG_WARN_RANGE_LOOP_ANALYSIS = YES;
				CLANG_WARN_STRICT_PROTOTYPES = YES;
				CLANG_WARN_SUSPICIOUS_MOVE = YES;
				CLANG_WARN_UNGUARDED_AVAILABILITY = YES_AGGRESSIVE;
				CLANG_WARN_UNREACHABLE_CODE = YES;
				CLANG_WARN__DUPLICATE_METHOD_MATCH = YES;
				COPY_PHASE_STRIP = NO;
				DEBUG_INFORMATION_FORMAT = dwarf;
				ENABLE_STRICT_OBJC_MSGSEND = YES;
				ENABLE_TESTABILITY = YES;
				ENABLE_USER_SCRIPT_SANDBOXING = YES;
				GCC_C_LANGUAGE_STANDARD = gnu17;
				GCC_DYNAMIC_NO_PIC = NO;
				GCC_NO_COMMON_BLOCKS = YES;
				GCC_OPTIMIZATION_LEVEL = 0;
				GCC_PREPROCESSOR_DEFINITIONS = (
					"DEBUG=1",
					"$(inherited)",
				);
				GCC_WARN_64_TO_32_BIT_CONVERSION = YES;
				GCC_WARN_ABOUT_RETURN_TYPE = YES_ERROR;
				GCC_WARN_UNDECLARED_SELECTOR = YES;
				GCC_WARN_UNINITIALIZED_AUTOS = YES_AGGRESSIVE;
				GCC_WARN_UNUSED_FUNCTION = YES;
				GCC_WARN_UNUSED_VARIABLE = YES;
				LOCALIZATION_PREFERS_STRING_CATALOGS = YES;
				MACOSX_DEPLOYMENT_TARGET = 14.0;
				MTL_ENABLE_DEBUG_INFO = INCLUDE_SOURCE;
				MTL_FAST_MATH = YES;
				ONLY_ACTIVE_ARCH = YES;
				SDKROOT = macosx;
				SWIFT_ACTIVE_COMPILATION_CONDITIONS = "DEBUG $(inherited)";
				SWIFT_OPTIMIZATION_LEVEL = "-Onone";
			};
			name = Debug;
		};
		2B9F201E2ADCB6C10092D6C7 /* Release */ = {
			isa = XCBuildConfiguration;
			buildSettings = {
				ALWAYS_SEARCH_USER_PATHS = NO;
				ASSETCATALOG_COMPILER_GENERATE_SWIFT_ASSET_SYMBOL_EXTENSIONS = YES;
				CLANG_ANALYZER_NONNULL = YES;
				CLANG_ANALYZER_NUMBER_OBJECT_CONVERSION = YES_AGGRESSIVE;
				CLANG_CXX_LANGUAGE_STANDARD = "gnu++20";
				CLANG_ENABLE_MODULES = YES;
				CLANG_ENABLE_OBJC_ARC = YES;
				CLANG_ENABLE_OBJC_WEAK = YES;
				CLANG_WARN_BLOCK_CAPTURE_AUTORELEASING = YES;
				CLANG_WARN_BOOL_CONVERSION = YES;
				CLANG_WARN_COMMA = YES;
				CLANG_WARN_CONSTANT_CONVERSION = YES;
				CLANG_WARN_DEPRECATED_OBJC_IMPLEMENTATIONS = YES;
				CLANG_WARN_DIRECT_OBJC_ISA_USAGE = YES_ERROR;
				CLANG_WARN_DOCUMENTATION_COMMENTS = YES;
				CLANG_WARN_EMPTY_BODY = YES;
				CLANG_WARN_ENUM_CONVERSION = YES;
				CLANG_WARN_INFINITE_RECURSION = YES;
				CLANG_WARN_INT_CONVERSION = YES;
				CLANG_WARN_NON_LITERAL_NULL_CONVERSION = YES;
				CLANG_WARN_OBJC_IMPLICIT_RETAIN_SELF = YES;
				CLANG_WARN_OBJC_LITERAL_CONVERSION = YES;
				CLANG_WARN_OBJC_ROOT_CLASS = YES_ERROR;
				CLANG_WARN_QUOTED_INCLUDE_IN_FRAMEWORK_HEADER = YES;
				CLANG_WARN_RANGE_LOOP_ANALYSIS = YES;
				CLANG_WARN_STRICT_PROTOTYPES = YES;
				CLANG_WARN_SUSPICIOUS_MOVE = YES;
				CLANG_WARN_UNGUARDED_AVAILABILITY = YES_AGGRESSIVE;
				CLANG_WARN_UNREACHABLE_CODE = YES;
				CLANG_WARN__DUPLICATE_METHOD_MATCH = YES;
				COPY_PHASE_STRIP = NO;
				DEBUG_INFORMATION_FORMAT = "dwarf-with-dsym";
				ENABLE_NS_ASSERTIONS = NO;
				ENABLE_STRICT_OBJC_MSGSEND = YES;
				ENABLE_USER_SCRIPT_SANDBOXING = YES;
				GCC_C_LANGUAGE_STANDARD = gnu17;
				GCC_NO_COMMON_BLOCKS = YES;
				GCC_WARN_64_TO_32_BIT_CONVERSION = YES;
				GCC_WARN_ABOUT_RETURN_TYPE = YES_ERROR;
				GCC_WARN_UNDECLARED_SELECTOR = YES;
				GCC_WARN_UNINITIALIZED_AUTOS = YES_AGGRESSIVE;
				GCC_WARN_UNUSED_FUNCTION = YES;
				GCC_WARN_UNUSED_VARIABLE = YES;
				LOCALIZATION_PREFERS_STRING_CATALOGS = YES;
				MACOSX_DEPLOYMENT_TARGET = 14.0;
				MTL_ENABLE_DEBUG_INFO = NO;
				MTL_FAST_MATH = YES;
				SDKROOT = macosx;
				SWIFT_COMPILATION_MODE = wholemodule;
			};
			name = Release;
		};
		2B9F20202ADCB6C10092D6C7 /* Debug */ = {
			isa = XCBuildConfiguration;
			buildSettings = {
				ASSETCATALOG_COMPILER_APPICON_NAME = AppIcon;
				ASSETCATALOG_COMPILER_GLOBAL_ACCENT_COLOR_NAME = AccentColor;
				ASSETCATALOG_COMPILER_INCLUDE_ALL_APPICON_ASSETS = NO;
				CODE_SIGN_ENTITLEMENTS = FigmaActivityGrid/FigmaActivityGrid.entitlements;
				CODE_SIGN_STYLE = Automatic;
				COMBINE_HIDPI_IMAGES = YES;
				CURRENT_PROJECT_VERSION = 1;
				DEVELOPMENT_ASSET_PATHS = "\"FigmaActivityGrid/Preview Content\"";
				ENABLE_PREVIEWS = YES;
				GENERATE_INFOPLIST_FILE = YES;
				INFOPLIST_FILE = FigmaActivityGrid/Info.plist;
				INFOPLIST_KEY_NSHumanReadableCopyright = "";
				LD_RUNPATH_SEARCH_PATHS = (
					"$(inherited)",
					"@executable_path/../Frameworks",
				);
				MARKETING_VERSION = 1.0;
				PRODUCT_BUNDLE_IDENTIFIER = com.heronhq.FigmaActivityGrid;
				PRODUCT_NAME = "$(TARGET_NAME)";
				SWIFT_EMIT_LOC_STRINGS = YES;
				SWIFT_VERSION = 5.0;
			};
			name = Debug;
		};
		2B9F20212ADCB6C10092D6C7 /* Release */ = {
			isa = XCBuildConfiguration;
			buildSettings = {
				ASSETCATALOG_COMPILER_APPICON_NAME = AppIcon;
				ASSETCATALOG_COMPILER_GLOBAL_ACCENT_COLOR_NAME = AccentColor;
				ASSETCATALOG_COMPILER_INCLUDE_ALL_APPICON_ASSETS = NO;
				CODE_SIGN_ENTITLEMENTS = FigmaActivityGrid/FigmaActivityGrid.entitlements;
				CODE_SIGN_STYLE = Automatic;
				COMBINE_HIDPI_IMAGES = YES;
				CURRENT_PROJECT_VERSION = 1;
				DEVELOPMENT_ASSET_PATHS = "\"FigmaActivityGrid/Preview Content\"";
				ENABLE_PREVIEWS = YES;
				GENERATE_INFOPLIST_FILE = YES;
				INFOPLIST_FILE = FigmaActivityGrid/Info.plist;
				INFOPLIST_KEY_NSHumanReadableCopyright = "";
				LD_RUNPATH_SEARCH_PATHS = (
					"$(inherited)",
					"@executable_path/../Frameworks",
				);
				MARKETING_VERSION = 1.0;
				PRODUCT_BUNDLE_IDENTIFIER = com.heronhq.FigmaActivityGrid;
				PRODUCT_NAME = "$(TARGET_NAME)";
				SWIFT_EMIT_LOC_STRINGS = YES;
				SWIFT_VERSION = 5.0;
			};
			name = Release;
		};
		2B9F20232ADCB6C10092D6C7 /* Debug */ = {
			isa = XCBuildConfiguration;
			buildSettings = {
				ALWAYS_EMBED_SWIFT_STANDARD_LIBRARIES = YES;
				BUNDLE_LOADER = "$(TEST_HOST)";
				CODE_SIGN_STYLE = Automatic;
				CURRENT_PROJECT_VERSION = 1;
				GENERATE_INFOPLIST_FILE = YES;
				MACOSX_DEPLOYMENT_TARGET = 14.0;
				MARKETING_VERSION = 1.0;
				PRODUCT_BUNDLE_IDENTIFIER = com.heronhq.FigmaActivityGridTests;
				PRODUCT_NAME = "$(TARGET_NAME)";
				SWIFT_EMIT_LOC_STRINGS = NO;
				SWIFT_VERSION = 5.0;
				TEST_HOST = "$(BUILT_PRODUCTS_DIR)/FigmaActivityGrid.app/$(BUNDLE_EXECUTABLE_FOLDER_PATH)/FigmaActivityGrid";
			};
			name = Debug;
		};
		2B9F20242ADCB6C10092D6C7 /* Release */ = {
			isa = XCBuildConfiguration;
			buildSettings = {
				ALWAYS_EMBED_SWIFT_STANDARD_LIBRARIES = YES;
				BUNDLE_LOADER = "$(TEST_HOST)";
				CODE_SIGN_STYLE = Automatic;
				CURRENT_PROJECT_VERSION = 1;
				GENERATE_INFOPLIST_FILE = YES;
				MACOSX_DEPLOYMENT_TARGET = 14.0;
				MARKETING_VERSION = 1.0;
				PRODUCT_BUNDLE_IDENTIFIER = com.heronhq.FigmaActivityGridTests;
				PRODUCT_NAME = "$(TARGET_NAME)";
				SWIFT_EMIT_LOC_STRINGS = NO;
				SWIFT_VERSION = 5.0;
				TEST_HOST = "$(BUILT_PRODUCTS_DIR)/FigmaActivityGrid.app/$(BUNDLE_EXECUTABLE_FOLDER_PATH)/FigmaActivityGrid";
			};
			name = Release;
		};
		2B9F20262ADCB6C10092D6C7 /* Debug */ = {
			isa = XCBuildConfiguration;
			buildSettings = {
				ALWAYS_EMBED_SWIFT_STANDARD_LIBRARIES = YES;
				CODE_SIGN_STYLE = Automatic;
				CURRENT_PROJECT_VERSION = 1;
				GENERATE_INFOPLIST_FILE = YES;
				MARKETING_VERSION = 1.0;
				PRODUCT_BUNDLE_IDENTIFIER = com.heronhq.FigmaActivityGridUITests;
				PRODUCT_NAME = "$(TARGET_NAME)";
				SWIFT_EMIT_LOC_STRINGS = NO;
				SWIFT_VERSION = 5.0;
				TEST_TARGET_NAME = FigmaActivityGrid;
			};
			name = Debug;
		};
		2B9F20272ADCB6C10092D6C7 /* Release */ = {
			isa = XCBuildConfiguration;
			buildSettings = {
				ALWAYS_EMBED_SWIFT_STANDARD_LIBRARIES = YES;
				CODE_SIGN_STYLE = Automatic;
				CURRENT_PROJECT_VERSION = 1;
				GENERATE_INFOPLIST_FILE = YES;
				MARKETING_VERSION = 1.0;
				PRODUCT_BUNDLE_IDENTIFIER = com.heronhq.FigmaActivityGridUITests;
				PRODUCT_NAME = "$(TARGET_NAME)";
				SWIFT_EMIT_LOC_STRINGS = NO;
				SWIFT_VERSION = 5.0;
				TEST_TARGET_NAME = FigmaActivityGrid;
			};
			name = Release;
		};
/* End XCBuildConfiguration section */

/* Begin XCConfigurationList section */
		2B9F1FF52ADCB6C00092D6C7 /* Build configuration list for PBXProject "FigmaActivityGrid" */ = {
			isa = XCConfigurationList;
			buildConfigurations = (
				2B9F201D2ADCB6C10092D6C7 /* Debug */,
				2B9F201E2ADCB6C10092D6C7 /* Release */,
			);
			defaultConfigurationIsVisible = 0;
			defaultConfigurationName = Release;
		};
		2B9F201F2ADCB6C10092D6C7 /* Build configuration list for PBXNativeTarget "FigmaActivityGrid" */ = {
			isa = XCConfigurationList;
			buildConfigurations = (
				2B9F20202ADCB6C10092D6C7 /* Debug */,
				2B9F20212ADCB6C10092D6C7 /* Release */,
			);
			defaultConfigurationIsVisible = 0;
			defaultConfigurationName = Release;
		};
		2B9F20222ADCB6C10092D6C7 /* Build configuration list for PBXNativeTarget "FigmaActivityGridTests" */ = {
			isa = XCConfigurationList;
			buildConfigurations = (
				2B9F20232ADCB6C10092D6C7 /* Debug */,
				2B9F20242ADCB6C10092D6C7 /* Release */,
			);
			defaultConfigurationIsVisible = 0;
			defaultConfigurationName = Release;
		};
		2B9F20252ADCB6C10092D6C7 /* Build configuration list for PBXNativeTarget "FigmaActivityGridUITests" */ = {
			isa = XCConfigurationList;
			buildConfigurations = (
				2B9F20262ADCB6C10092D6C7 /* Debug */,
				2B9F20272ADCB6C10092D6C7 /* Release */,
			);
			defaultConfigurationIsVisible = 0;
			defaultConfigurationName = Release;
		};
/* End XCConfigurationList section */
	};
	rootObject = 2B9F1FF22ADCB6C00092D6C7 /* Project object */;
}
